
Microsoft Visual Studio Solution File, Format Version 12.00
# Visual Studio 15
VisualStudioVersion = 15.0.28307.852
MinimumVisualStudioVersion = 10.0.40219.1
Project("{888888A0-9F3D-457C-B088-3A5042F75D52}") = "Sign_inTableConversion v2.5", "Sign_inTableConversion v2.5\Sign_inTableConversion v2.5.pyproj", "{9B515B56-DAD3-40C0-890B-1A7AD653386F}"
EndProject
Global
	GlobalSection(SolutionConfigurationPlatforms) = preSolution
		Debug|Any CPU = Debug|Any CPU
		Release|Any CPU = Release|Any CPU
	EndGlobalSection
	GlobalSection(ProjectConfigurationPlatforms) = postSolution
		{9B515B56-DAD3-40C0-890B-1A7AD653386F}.Debug|Any CPU.ActiveCfg = Debug|Any CPU
		{9B515B56-DAD3-40C0-890B-1A7AD653386F}.Release|Any CPU.ActiveCfg = Release|Any CPU
	EndGlobalSection
	GlobalSection(SolutionProperties) = preSolution
		HideSolutionNode = FALSE
	EndGlobalSection
	GlobalSection(ExtensibilityGlobals) = postSolution
		SolutionGuid = {51B3F64B-90A3-4115-BDC3-42A09D5569B1}
	EndGlobalSection
EndGlobal
